{
  "name": "lms",
  "lockfileVersion": 3,
  "requires": true,
  "packages": {
    "": {
      "dependencies": {
        "humanize-duration": "^3.32.1"
      }
    },
    "node_modules/humanize-duration": {
      "version": "3.32.1",
      "resolved": "https://registry.npmjs.org/humanize-duration/-/humanize-duration-3.32.1.tgz",
      "integrity": "sha512-inh5wue5XdfObhu/IGEMiA1nUXigSGcaKNemcbLRKa7jXYGDZXr3LoT9pTIzq2hPEbld7w/qv9h+ikWGz8fL1g==",
      "license": "Unlicense"
    }
  }
}
